# This file is automatically @generated by Poetry 2.1.2 and should not be changed by hand.

[[package]]
name = "pysqlite3"
version = "0.5.4"
description = "DB-API 2.0 interface for Sqlite 3.x"
optional = false
python-versions = "*"
groups = ["main"]
files = [
    {file = "pysqlite3-0.5.4.tar.gz", hash = "sha256:fbc69bfdc0cb43a5badd5403b126d5151371b5037e0397ba9802bb440c5b0021"},
]

[metadata]
lock-version = "2.1"
python-versions = ">=3.13"
content-hash = "4d92de5787d20b5ff7d9d2580ab0e81a7b73d4e202488ecfa95279ab99c5ac84"
